
Microsoft Visual Studio Solution File, Format Version 12.00
# Visual Studio Version 16
VisualStudioVersion = 16.0.30907.101
MinimumVisualStudioVersion = 10.0.40219.1
Project("{FAE04EC0-301F-11D3-BF4B-00C04F79EFBC}") = "ProiectLicenta", "ProiectLicenta\ProiectLicenta.csproj", "{2DFE0D06-217D-43EA-B2A3-1653B75EF7C1}"
	ProjectSection(ProjectDependencies) = postProject
		{44EA23AF-1C4B-4AB5-A14F-BE8AC13478C9} = {44EA23AF-1C4B-4AB5-A14F-BE8AC13478C9}
	EndProjectSection
EndProject
Project("{FAE04EC0-301F-11D3-BF4B-00C04F79EFBC}") = "Mechanisms", "Mechanisms\Mechanisms.csproj", "{44EA23AF-1C4B-4AB5-A14F-BE8AC13478C9}"
EndProject
Project("{8BC9CEB8-8B4A-11D0-8D11-00A0C91BC942}") = "Argon2-Blk3", "_Argon2-Blk3\Argon2-Blk3\Argon2-Blk3.vcxproj", "{BCF5DC25-E8C3-4322-9E96-411A4EDBBE3A}"
EndProject
Project("{8BC9CEB8-8B4A-11D0-8D11-00A0C91BC942}") = "aesgcm", "aesgcm\aesgcm\aesgcm.vcxproj", "{39070277-9DE0-4DB3-8007-C685F3DD6BEA}"
EndProject
Project("{8BC9CEB8-8B4A-11D0-8D11-00A0C91BC942}") = "argon", "argon\argon\argon.vcxproj", "{5FA536BF-00AA-47AC-ADDE-76A065954AB8}"
EndProject
Project("{8BC9CEB8-8B4A-11D0-8D11-00A0C91BC942}") = "RDRand_ASM", "RDRand_ASM\RDRand_ASM\RDRand_ASM.vcxproj", "{D0358428-1D39-4C9D-85F9-07CD7033D2A1}"
EndProject
Global
	GlobalSection(SolutionConfigurationPlatforms) = preSolution
		Debug|Any CPU = Debug|Any CPU
		Debug|x64 = Debug|x64
		Debug|x86 = Debug|x86
		Release|Any CPU = Release|Any CPU
		Release|x64 = Release|x64
		Release|x86 = Release|x86
	EndGlobalSection
	GlobalSection(ProjectConfigurationPlatforms) = postSolution
		{2DFE0D06-217D-43EA-B2A3-1653B75EF7C1}.Debug|Any CPU.ActiveCfg = Debug|Any CPU
		{2DFE0D06-217D-43EA-B2A3-1653B75EF7C1}.Debug|Any CPU.Build.0 = Debug|Any CPU
		{2DFE0D06-217D-43EA-B2A3-1653B75EF7C1}.Debug|x64.ActiveCfg = Debug|Any CPU
		{2DFE0D06-217D-43EA-B2A3-1653B75EF7C1}.Debug|x64.Build.0 = Debug|Any CPU
		{2DFE0D06-217D-43EA-B2A3-1653B75EF7C1}.Debug|x86.ActiveCfg = Debug|Any CPU
		{2DFE0D06-217D-43EA-B2A3-1653B75EF7C1}.Debug|x86.Build.0 = Debug|Any CPU
		{2DFE0D06-217D-43EA-B2A3-1653B75EF7C1}.Release|Any CPU.ActiveCfg = Release|Any CPU
		{2DFE0D06-217D-43EA-B2A3-1653B75EF7C1}.Release|Any CPU.Build.0 = Release|Any CPU
		{2DFE0D06-217D-43EA-B2A3-1653B75EF7C1}.Release|x64.ActiveCfg = Release|Any CPU
		{2DFE0D06-217D-43EA-B2A3-1653B75EF7C1}.Release|x64.Build.0 = Release|Any CPU
		{2DFE0D06-217D-43EA-B2A3-1653B75EF7C1}.Release|x86.ActiveCfg = Release|Any CPU
		{2DFE0D06-217D-43EA-B2A3-1653B75EF7C1}.Release|x86.Build.0 = Release|Any CPU
		{44EA23AF-1C4B-4AB5-A14F-BE8AC13478C9}.Debug|Any CPU.ActiveCfg = Debug|Any CPU
		{44EA23AF-1C4B-4AB5-A14F-BE8AC13478C9}.Debug|Any CPU.Build.0 = Debug|Any CPU
		{44EA23AF-1C4B-4AB5-A14F-BE8AC13478C9}.Debug|x64.ActiveCfg = Debug|Any CPU
		{44EA23AF-1C4B-4AB5-A14F-BE8AC13478C9}.Debug|x64.Build.0 = Debug|Any CPU
		{44EA23AF-1C4B-4AB5-A14F-BE8AC13478C9}.Debug|x86.ActiveCfg = Debug|Any CPU
		{44EA23AF-1C4B-4AB5-A14F-BE8AC13478C9}.Debug|x86.Build.0 = Debug|Any CPU
		{44EA23AF-1C4B-4AB5-A14F-BE8AC13478C9}.Release|Any CPU.ActiveCfg = Release|Any CPU
		{44EA23AF-1C4B-4AB5-A14F-BE8AC13478C9}.Release|Any CPU.Build.0 = Release|Any CPU
		{44EA23AF-1C4B-4AB5-A14F-BE8AC13478C9}.Release|x64.ActiveCfg = Release|Any CPU
		{44EA23AF-1C4B-4AB5-A14F-BE8AC13478C9}.Release|x64.Build.0 = Release|Any CPU
		{44EA23AF-1C4B-4AB5-A14F-BE8AC13478C9}.Release|x86.ActiveCfg = Release|Any CPU
		{44EA23AF-1C4B-4AB5-A14F-BE8AC13478C9}.Release|x86.Build.0 = Release|Any CPU
		{BCF5DC25-E8C3-4322-9E96-411A4EDBBE3A}.Debug|Any CPU.ActiveCfg = Debug|Win32
		{BCF5DC25-E8C3-4322-9E96-411A4EDBBE3A}.Debug|x64.ActiveCfg = Debug|x64
		{BCF5DC25-E8C3-4322-9E96-411A4EDBBE3A}.Debug|x64.Build.0 = Debug|x64
		{BCF5DC25-E8C3-4322-9E96-411A4EDBBE3A}.Debug|x86.ActiveCfg = Debug|Win32
		{BCF5DC25-E8C3-4322-9E96-411A4EDBBE3A}.Debug|x86.Build.0 = Debug|Win32
		{BCF5DC25-E8C3-4322-9E96-411A4EDBBE3A}.Release|Any CPU.ActiveCfg = Release|Win32
		{BCF5DC25-E8C3-4322-9E96-411A4EDBBE3A}.Release|x64.ActiveCfg = Release|x64
		{BCF5DC25-E8C3-4322-9E96-411A4EDBBE3A}.Release|x64.Build.0 = Release|x64
		{BCF5DC25-E8C3-4322-9E96-411A4EDBBE3A}.Release|x86.ActiveCfg = Release|Win32
		{BCF5DC25-E8C3-4322-9E96-411A4EDBBE3A}.Release|x86.Build.0 = Release|Win32
		{39070277-9DE0-4DB3-8007-C685F3DD6BEA}.Debug|Any CPU.ActiveCfg = Debug|Win32
		{39070277-9DE0-4DB3-8007-C685F3DD6BEA}.Debug|x64.ActiveCfg = Debug|x64
		{39070277-9DE0-4DB3-8007-C685F3DD6BEA}.Debug|x64.Build.0 = Debug|x64
		{39070277-9DE0-4DB3-8007-C685F3DD6BEA}.Debug|x86.ActiveCfg = Debug|Win32
		{39070277-9DE0-4DB3-8007-C685F3DD6BEA}.Debug|x86.Build.0 = Debug|Win32
		{39070277-9DE0-4DB3-8007-C685F3DD6BEA}.Release|Any CPU.ActiveCfg = Release|Win32
		{39070277-9DE0-4DB3-8007-C685F3DD6BEA}.Release|x64.ActiveCfg = Release|x64
		{39070277-9DE0-4DB3-8007-C685F3DD6BEA}.Release|x64.Build.0 = Release|x64
		{39070277-9DE0-4DB3-8007-C685F3DD6BEA}.Release|x86.ActiveCfg = Release|Win32
		{39070277-9DE0-4DB3-8007-C685F3DD6BEA}.Release|x86.Build.0 = Release|Win32
		{5FA536BF-00AA-47AC-ADDE-76A065954AB8}.Debug|Any CPU.ActiveCfg = Debug|Win32
		{5FA536BF-00AA-47AC-ADDE-76A065954AB8}.Debug|x64.ActiveCfg = Debug|x64
		{5FA536BF-00AA-47AC-ADDE-76A065954AB8}.Debug|x64.Build.0 = Debug|x64
		{5FA536BF-00AA-47AC-ADDE-76A065954AB8}.Debug|x86.ActiveCfg = Debug|Win32
		{5FA536BF-00AA-47AC-ADDE-76A065954AB8}.Debug|x86.Build.0 = Debug|Win32
		{5FA536BF-00AA-47AC-ADDE-76A065954AB8}.Release|Any CPU.ActiveCfg = Release|Win32
		{5FA536BF-00AA-47AC-ADDE-76A065954AB8}.Release|x64.ActiveCfg = Release|x64
		{5FA536BF-00AA-47AC-ADDE-76A065954AB8}.Release|x64.Build.0 = Release|x64
		{5FA536BF-00AA-47AC-ADDE-76A065954AB8}.Release|x86.ActiveCfg = Release|Win32
		{5FA536BF-00AA-47AC-ADDE-76A065954AB8}.Release|x86.Build.0 = Release|Win32
		{D0358428-1D39-4C9D-85F9-07CD7033D2A1}.Debug|Any CPU.ActiveCfg = Debug|Win32
		{D0358428-1D39-4C9D-85F9-07CD7033D2A1}.Debug|x64.ActiveCfg = Debug|x64
		{D0358428-1D39-4C9D-85F9-07CD7033D2A1}.Debug|x64.Build.0 = Debug|x64
		{D0358428-1D39-4C9D-85F9-07CD7033D2A1}.Debug|x86.ActiveCfg = Debug|Win32
		{D0358428-1D39-4C9D-85F9-07CD7033D2A1}.Debug|x86.Build.0 = Debug|Win32
		{D0358428-1D39-4C9D-85F9-07CD7033D2A1}.Release|Any CPU.ActiveCfg = Release|Win32
		{D0358428-1D39-4C9D-85F9-07CD7033D2A1}.Release|x64.ActiveCfg = Release|x64
		{D0358428-1D39-4C9D-85F9-07CD7033D2A1}.Release|x64.Build.0 = Release|x64
		{D0358428-1D39-4C9D-85F9-07CD7033D2A1}.Release|x86.ActiveCfg = Release|Win32
		{D0358428-1D39-4C9D-85F9-07CD7033D2A1}.Release|x86.Build.0 = Release|Win32
	EndGlobalSection
	GlobalSection(SolutionProperties) = preSolution
		HideSolutionNode = FALSE
	EndGlobalSection
	GlobalSection(ExtensibilityGlobals) = postSolution
		SolutionGuid = {2CD319B9-69B1-49DC-AE81-9370E1040677}
	EndGlobalSection
EndGlobal
